
Microsoft Visual Studio Solution File, Format Version 12.00
# Visual Studio 15
VisualStudioVersion = 15.0.28307.421
MinimumVisualStudioVersion = 10.0.40219.1
Project("{FAE04EC0-301F-11D3-BF4B-00C04F79EFBC}") = "CalculatorProject", "Calculator\CalculatorProject.csproj", "{74CE6F6F-1290-478A-8231-D8F5FB9E195A}"
EndProject
Global
	GlobalSection(SolutionConfigurationPlatforms) = preSolution
		Debug|Any CPU = Debug|Any CPU
		Release|Any CPU = Release|Any CPU
	EndGlobalSection
	GlobalSection(ProjectConfigurationPlatforms) = postSolution
		{74CE6F6F-1290-478A-8231-D8F5FB9E195A}.Debug|Any CPU.ActiveCfg = Debug|Any CPU
		{74CE6F6F-1290-478A-8231-D8F5FB9E195A}.Debug|Any CPU.Build.0 = Debug|Any CPU
		{74CE6F6F-1290-478A-8231-D8F5FB9E195A}.Release|Any CPU.ActiveCfg = Release|Any CPU
		{74CE6F6F-1290-478A-8231-D8F5FB9E195A}.Release|Any CPU.Build.0 = Release|Any CPU
	EndGlobalSection
	GlobalSection(SolutionProperties) = preSolution
		HideSolutionNode = FALSE
	EndGlobalSection
	GlobalSection(ExtensibilityGlobals) = postSolution
		SolutionGuid = {6E996792-6739-4074-9C1C-31A3938A9FD4}
	EndGlobalSection
EndGlobal
